
Microsoft Visual Studio Solution File, Format Version 12.00
# Visual Studio Version 17
VisualStudioVersion = 17.0.31903.59
MinimumVisualStudioVersion = 10.0.40219.1
Project("{FAE04EC0-301F-11D3-BF4B-00C04F79EFBC}") = "exer1", "exer1\exer1.csproj", "{511D5A85-3925-485F-9876-2098C13C1948}"
EndProject
Project("{FAE04EC0-301F-11D3-BF4B-00C04F79EFBC}") = "ConsoleApp1", "ConsoleApp1\ConsoleApp1.csproj", "{8C8208D8-8CE1-4747-B5FC-C22EFAF67624}"
EndProject
Project("{FAE04EC0-301F-11D3-BF4B-00C04F79EFBC}") = "exer3", "exer3\exer3.csproj", "{80785031-4316-4287-9E58-2078B6617704}"
EndProject
Project("{FAE04EC0-301F-11D3-BF4B-00C04F79EFBC}") = "exer2", "exer2\exer2.csproj", "{1A6776B9-79B3-463C-A061-FCB8C42B16F3}"
EndProject
Project("{FAE04EC0-301F-11D3-BF4B-00C04F79EFBC}") = "exer.3", "exer.3\exer.3.csproj", "{5EA90BB1-E789-44B9-97E8-ACBCF6385892}"
EndProject
Project("{2150E333-8FDC-42A3-9474-1A3956D46DE8}") = "exer3", "exer3", "{11038921-E517-32CC-5BFF-71E39972F29D}"
EndProject
Project("{FAE04EC0-301F-11D3-BF4B-00C04F79EFBC}") = "exer3.", "exer3\exer3..csproj", "{95936827-68B7-42D7-89CC-679BD6F54D95}"
EndProject
Global
	GlobalSection(SolutionConfigurationPlatforms) = preSolution
		Debug|Any CPU = Debug|Any CPU
		Debug|x64 = Debug|x64
		Debug|x86 = Debug|x86
		Release|Any CPU = Release|Any CPU
		Release|x64 = Release|x64
		Release|x86 = Release|x86
	EndGlobalSection
	GlobalSection(ProjectConfigurationPlatforms) = postSolution
		{511D5A85-3925-485F-9876-2098C13C1948}.Debug|Any CPU.ActiveCfg = Debug|Any CPU
		{511D5A85-3925-485F-9876-2098C13C1948}.Debug|Any CPU.Build.0 = Debug|Any CPU
		{511D5A85-3925-485F-9876-2098C13C1948}.Debug|x64.ActiveCfg = Debug|Any CPU
		{511D5A85-3925-485F-9876-2098C13C1948}.Debug|x64.Build.0 = Debug|Any CPU
		{511D5A85-3925-485F-9876-2098C13C1948}.Debug|x86.ActiveCfg = Debug|Any CPU
		{511D5A85-3925-485F-9876-2098C13C1948}.Debug|x86.Build.0 = Debug|Any CPU
		{511D5A85-3925-485F-9876-2098C13C1948}.Release|Any CPU.ActiveCfg = Release|Any CPU
		{511D5A85-3925-485F-9876-2098C13C1948}.Release|Any CPU.Build.0 = Release|Any CPU
		{511D5A85-3925-485F-9876-2098C13C1948}.Release|x64.ActiveCfg = Release|Any CPU
		{511D5A85-3925-485F-9876-2098C13C1948}.Release|x64.Build.0 = Release|Any CPU
		{511D5A85-3925-485F-9876-2098C13C1948}.Release|x86.ActiveCfg = Release|Any CPU
		{511D5A85-3925-485F-9876-2098C13C1948}.Release|x86.Build.0 = Release|Any CPU
		{8C8208D8-8CE1-4747-B5FC-C22EFAF67624}.Debug|Any CPU.ActiveCfg = Debug|Any CPU
		{8C8208D8-8CE1-4747-B5FC-C22EFAF67624}.Debug|Any CPU.Build.0 = Debug|Any CPU
		{8C8208D8-8CE1-4747-B5FC-C22EFAF67624}.Debug|x64.ActiveCfg = Debug|Any CPU
		{8C8208D8-8CE1-4747-B5FC-C22EFAF67624}.Debug|x64.Build.0 = Debug|Any CPU
		{8C8208D8-8CE1-4747-B5FC-C22EFAF67624}.Debug|x86.ActiveCfg = Debug|Any CPU
		{8C8208D8-8CE1-4747-B5FC-C22EFAF67624}.Debug|x86.Build.0 = Debug|Any CPU
		{8C8208D8-8CE1-4747-B5FC-C22EFAF67624}.Release|Any CPU.ActiveCfg = Release|Any CPU
		{8C8208D8-8CE1-4747-B5FC-C22EFAF67624}.Release|Any CPU.Build.0 = Release|Any CPU
		{8C8208D8-8CE1-4747-B5FC-C22EFAF67624}.Release|x64.ActiveCfg = Release|Any CPU
		{8C8208D8-8CE1-4747-B5FC-C22EFAF67624}.Release|x64.Build.0 = Release|Any CPU
		{8C8208D8-8CE1-4747-B5FC-C22EFAF67624}.Release|x86.ActiveCfg = Release|Any CPU
		{8C8208D8-8CE1-4747-B5FC-C22EFAF67624}.Release|x86.Build.0 = Release|Any CPU
		{80785031-4316-4287-9E58-2078B6617704}.Debug|Any CPU.ActiveCfg = Debug|Any CPU
		{80785031-4316-4287-9E58-2078B6617704}.Debug|Any CPU.Build.0 = Debug|Any CPU
		{80785031-4316-4287-9E58-2078B6617704}.Debug|x64.ActiveCfg = Debug|Any CPU
		{80785031-4316-4287-9E58-2078B6617704}.Debug|x64.Build.0 = Debug|Any CPU
		{80785031-4316-4287-9E58-2078B6617704}.Debug|x86.ActiveCfg = Debug|Any CPU
		{80785031-4316-4287-9E58-2078B6617704}.Debug|x86.Build.0 = Debug|Any CPU
		{80785031-4316-4287-9E58-2078B6617704}.Release|Any CPU.ActiveCfg = Release|Any CPU
		{80785031-4316-4287-9E58-2078B6617704}.Release|Any CPU.Build.0 = Release|Any CPU
		{80785031-4316-4287-9E58-2078B6617704}.Release|x64.ActiveCfg = Release|Any CPU
		{80785031-4316-4287-9E58-2078B6617704}.Release|x64.Build.0 = Release|Any CPU
		{80785031-4316-4287-9E58-2078B6617704}.Release|x86.ActiveCfg = Release|Any CPU
		{80785031-4316-4287-9E58-2078B6617704}.Release|x86.Build.0 = Release|Any CPU
		{1A6776B9-79B3-463C-A061-FCB8C42B16F3}.Debug|Any CPU.ActiveCfg = Debug|Any CPU
		{1A6776B9-79B3-463C-A061-FCB8C42B16F3}.Debug|Any CPU.Build.0 = Debug|Any CPU
		{1A6776B9-79B3-463C-A061-FCB8C42B16F3}.Debug|x64.ActiveCfg = Debug|Any CPU
		{1A6776B9-79B3-463C-A061-FCB8C42B16F3}.Debug|x64.Build.0 = Debug|Any CPU
		{1A6776B9-79B3-463C-A061-FCB8C42B16F3}.Debug|x86.ActiveCfg = Debug|Any CPU
		{1A6776B9-79B3-463C-A061-FCB8C42B16F3}.Debug|x86.Build.0 = Debug|Any CPU
		{1A6776B9-79B3-463C-A061-FCB8C42B16F3}.Release|Any CPU.ActiveCfg = Release|Any CPU
		{1A6776B9-79B3-463C-A061-FCB8C42B16F3}.Release|Any CPU.Build.0 = Release|Any CPU
		{1A6776B9-79B3-463C-A061-FCB8C42B16F3}.Release|x64.ActiveCfg = Release|Any CPU
		{1A6776B9-79B3-463C-A061-FCB8C42B16F3}.Release|x64.Build.0 = Release|Any CPU
		{1A6776B9-79B3-463C-A061-FCB8C42B16F3}.Release|x86.ActiveCfg = Release|Any CPU
		{1A6776B9-79B3-463C-A061-FCB8C42B16F3}.Release|x86.Build.0 = Release|Any CPU
		{5EA90BB1-E789-44B9-97E8-ACBCF6385892}.Debug|Any CPU.ActiveCfg = Debug|Any CPU
		{5EA90BB1-E789-44B9-97E8-ACBCF6385892}.Debug|Any CPU.Build.0 = Debug|Any CPU
		{5EA90BB1-E789-44B9-97E8-ACBCF6385892}.Debug|x64.ActiveCfg = Debug|Any CPU
		{5EA90BB1-E789-44B9-97E8-ACBCF6385892}.Debug|x64.Build.0 = Debug|Any CPU
		{5EA90BB1-E789-44B9-97E8-ACBCF6385892}.Debug|x86.ActiveCfg = Debug|Any CPU
		{5EA90BB1-E789-44B9-97E8-ACBCF6385892}.Debug|x86.Build.0 = Debug|Any CPU
		{5EA90BB1-E789-44B9-97E8-ACBCF6385892}.Release|Any CPU.ActiveCfg = Release|Any CPU
		{5EA90BB1-E789-44B9-97E8-ACBCF6385892}.Release|Any CPU.Build.0 = Release|Any CPU
		{5EA90BB1-E789-44B9-97E8-ACBCF6385892}.Release|x64.ActiveCfg = Release|Any CPU
		{5EA90BB1-E789-44B9-97E8-ACBCF6385892}.Release|x64.Build.0 = Release|Any CPU
		{5EA90BB1-E789-44B9-97E8-ACBCF6385892}.Release|x86.ActiveCfg = Release|Any CPU
		{5EA90BB1-E789-44B9-97E8-ACBCF6385892}.Release|x86.Build.0 = Release|Any CPU
		{95936827-68B7-42D7-89CC-679BD6F54D95}.Debug|Any CPU.ActiveCfg = Debug|Any CPU
		{95936827-68B7-42D7-89CC-679BD6F54D95}.Debug|Any CPU.Build.0 = Debug|Any CPU
		{95936827-68B7-42D7-89CC-679BD6F54D95}.Debug|x64.ActiveCfg = Debug|Any CPU
		{95936827-68B7-42D7-89CC-679BD6F54D95}.Debug|x64.Build.0 = Debug|Any CPU
		{95936827-68B7-42D7-89CC-679BD6F54D95}.Debug|x86.ActiveCfg = Debug|Any CPU
		{95936827-68B7-42D7-89CC-679BD6F54D95}.Debug|x86.Build.0 = Debug|Any CPU
		{95936827-68B7-42D7-89CC-679BD6F54D95}.Release|Any CPU.ActiveCfg = Release|Any CPU
		{95936827-68B7-42D7-89CC-679BD6F54D95}.Release|Any CPU.Build.0 = Release|Any CPU
		{95936827-68B7-42D7-89CC-679BD6F54D95}.Release|x64.ActiveCfg = Release|Any CPU
		{95936827-68B7-42D7-89CC-679BD6F54D95}.Release|x64.Build.0 = Release|Any CPU
		{95936827-68B7-42D7-89CC-679BD6F54D95}.Release|x86.ActiveCfg = Release|Any CPU
		{95936827-68B7-42D7-89CC-679BD6F54D95}.Release|x86.Build.0 = Release|Any CPU
	EndGlobalSection
	GlobalSection(SolutionProperties) = preSolution
		HideSolutionNode = FALSE
	EndGlobalSection
	GlobalSection(NestedProjects) = preSolution
		{95936827-68B7-42D7-89CC-679BD6F54D95} = {11038921-E517-32CC-5BFF-71E39972F29D}
	EndGlobalSection
EndGlobal
